{
  "object": {
    "pins": [
      {
        "package": "FoundationToolz",
        "repositoryURL": "https://github.com/flowtoolz/FoundationToolz.git",
        "state": {
          "branch": "master",
          "revision": "a66ee3d836f811a4ad54b6338f4971b08607e195",
          "version": null
        }
      },
      {
        "package": "PromiseKit",
        "repositoryURL": "https://github.com/mxcl/PromiseKit.git",
        "state": {
          "branch": null,
          "revision": "aea48ea1855f5d82e2dffa6027afce3aab8f3dd7",
          "version": "6.13.3"
        }
      },
      {
        "package": "Reachability",
        "repositoryURL": "https://github.com/ashleymills/Reachability.swift.git",
        "state": {
          "branch": null,
          "revision": "6c8652a8ea35a64cf36367d07b3d6e5e6a24b272",
          "version": "4.3.1"
        }
      },
      {
        "package": "SwiftObserver",
        "repositoryURL": "https://github.com/flowtoolz/SwiftObserver.git",
        "state": {
          "branch": "master",
          "revision": "d9cd49a14e8ef18cde7c4c355cb5ad3611af3ff2",
          "version": null
        }
      },
      {
        "package": "SwiftyToolz",
        "repositoryURL": "https://github.com/flowtoolz/SwiftyToolz.git",
        "state": {
          "branch": "master",
          "revision": "87e8655f5ad7c520527f58b2548a37ad0bfc1cc7",
          "version": null
        }
      }
    ]
  },
  "version": 1
}
